
Microsoft Visual Studio Solution File, Format Version 12.00
# Visual Studio Version 17
VisualStudioVersion = 17.3.32611.2
MinimumVisualStudioVersion = 10.0.40219.1
Project("{9A19103F-16F7-4668-BE54-9A1E7A4F7556}") = "Acme.OnlineShopping.Model", "Acme.OnlineShopping.Model\Acme.OnlineShopping.Model.csproj", "{63F75B8A-110A-4260-83A5-2C79613FBAF0}"
EndProject
Project("{9A19103F-16F7-4668-BE54-9A1E7A4F7556}") = "Acme.OnlineShopping.DesktopApp", "Acme.OnlineShopping.DesktopApp\Acme.OnlineShopping.DesktopApp.csproj", "{D8FD6619-6235-4D8C-9DA0-82E9D3D62F30}"
EndProject
Global
	GlobalSection(SolutionConfigurationPlatforms) = preSolution
		Debug|Any CPU = Debug|Any CPU
		Release|Any CPU = Release|Any CPU
	EndGlobalSection
	GlobalSection(ProjectConfigurationPlatforms) = postSolution
		{63F75B8A-110A-4260-83A5-2C79613FBAF0}.Debug|Any CPU.ActiveCfg = Debug|Any CPU
		{63F75B8A-110A-4260-83A5-2C79613FBAF0}.Debug|Any CPU.Build.0 = Debug|Any CPU
		{63F75B8A-110A-4260-83A5-2C79613FBAF0}.Release|Any CPU.ActiveCfg = Release|Any CPU
		{63F75B8A-110A-4260-83A5-2C79613FBAF0}.Release|Any CPU.Build.0 = Release|Any CPU
		{D8FD6619-6235-4D8C-9DA0-82E9D3D62F30}.Debug|Any CPU.ActiveCfg = Debug|Any CPU
		{D8FD6619-6235-4D8C-9DA0-82E9D3D62F30}.Debug|Any CPU.Build.0 = Debug|Any CPU
		{D8FD6619-6235-4D8C-9DA0-82E9D3D62F30}.Release|Any CPU.ActiveCfg = Release|Any CPU
		{D8FD6619-6235-4D8C-9DA0-82E9D3D62F30}.Release|Any CPU.Build.0 = Release|Any CPU
	EndGlobalSection
	GlobalSection(SolutionProperties) = preSolution
		HideSolutionNode = FALSE
	EndGlobalSection
	GlobalSection(ExtensibilityGlobals) = postSolution
		SolutionGuid = {26D9E8D9-BB2D-42D0-B89C-16C657051C77}
	EndGlobalSection
EndGlobal
